
Microsoft Visual Studio Solution File, Format Version 12.00
# Visual Studio Version 17
VisualStudioVersion = 17.10.35027.167
MinimumVisualStudioVersion = 10.0.40219.1
Project("{9A19103F-16F7-4668-BE54-9A1E7A4F7556}") = "MauiAppMinhasCompras", "MauiAppMinhasCompras\MauiAppMinhasCompras.csproj", "{803C3538-B7B2-42A6-B8E1-C8436A3C54E0}"
EndProject
Project("{2150E333-8FDC-42A3-9474-1A3956D46DE8}") = "Helpers", "Helpers", "{33589673-0F87-4060-B164-FAB6E7A1C030}"
	ProjectSection(SolutionItems) = preProject
		SQLiteDatabaseHelper.cs = SQLiteDatabaseHelper.cs
	EndProjectSection
EndProject
Project("{2150E333-8FDC-42A3-9474-1A3956D46DE8}") = "Models", "Models", "{FA5AB36A-EFA9-4840-82EA-DAA3D6FE3E58}"
	ProjectSection(SolutionItems) = preProject
		Produto.cs = Produto.cs
	EndProjectSection
EndProject
Project("{2150E333-8FDC-42A3-9474-1A3956D46DE8}") = "Views", "Views", "{9FB31900-1789-49CA-ABBF-539FAA3AB459}"
EndProject
Global
	GlobalSection(SolutionConfigurationPlatforms) = preSolution
		Debug|Any CPU = Debug|Any CPU
		Release|Any CPU = Release|Any CPU
	EndGlobalSection
	GlobalSection(ProjectConfigurationPlatforms) = postSolution
		{803C3538-B7B2-42A6-B8E1-C8436A3C54E0}.Debug|Any CPU.ActiveCfg = Debug|Any CPU
		{803C3538-B7B2-42A6-B8E1-C8436A3C54E0}.Debug|Any CPU.Build.0 = Debug|Any CPU
		{803C3538-B7B2-42A6-B8E1-C8436A3C54E0}.Debug|Any CPU.Deploy.0 = Debug|Any CPU
		{803C3538-B7B2-42A6-B8E1-C8436A3C54E0}.Release|Any CPU.ActiveCfg = Release|Any CPU
		{803C3538-B7B2-42A6-B8E1-C8436A3C54E0}.Release|Any CPU.Build.0 = Release|Any CPU
		{803C3538-B7B2-42A6-B8E1-C8436A3C54E0}.Release|Any CPU.Deploy.0 = Release|Any CPU
	EndGlobalSection
	GlobalSection(SolutionProperties) = preSolution
		HideSolutionNode = FALSE
	EndGlobalSection
	GlobalSection(ExtensibilityGlobals) = postSolution
		SolutionGuid = {772A5A6B-2DF3-489B-9AEB-23417EE325A0}
	EndGlobalSection
EndGlobal
